// !$*UTF8*$!
{
	archiveVersion = 1;
	classes = {
	};
	objectVersion = 50;
	objects = {

/* Begin PBXBuildFile section */
		101B1AF421EF1966001ECF51 /* BLEKit.framework in Frameworks */ = {isa = PBXBuildFile; fileRef = 101B1AEA21EF1966001ECF51 /* BLEKit.framework */; };
		101B1AFB21EF1966001ECF51 /* BLEKit.h in Headers */ = {isa = PBXBuildFile; fileRef = 101B1AED21EF1966001ECF51 /* BLEKit.h */; settings = {ATTRIBUTES = (Public, ); }; };
		101B1B1221EF19BE001ECF51 /* CentralManagerDelegator.swift in Sources */ = {isa = PBXBuildFile; fileRef = 101B1B0421EF19BE001ECF51 /* CentralManagerDelegator.swift */; };
		101B1B1321EF19BE001ECF51 /* BLEKit+CBCentralManager.swift in Sources */ = {isa = PBXBuildFile; fileRef = 101B1B0521EF19BE001ECF51 /* BLEKit+CBCentralManager.swift */; };
		101B1B1421EF19BE001ECF51 /* CancellableDelayedTask.swift in Sources */ = {isa = PBXBuildFile; fileRef = 101B1B0621EF19BE001ECF51 /* CancellableDelayedTask.swift */; };
		101B1B1521EF19BE001ECF51 /* BLEKit+PeripheralBox.swift in Sources */ = {isa = PBXBuildFile; fileRef = 101B1B0721EF19BE001ECF51 /* BLEKit+PeripheralBox.swift */; };
		101B1B1621EF19BE001ECF51 /* BLEKit+PeripheralAction.swift in Sources */ = {isa = PBXBuildFile; fileRef = 101B1B0821EF19BE001ECF51 /* BLEKit+PeripheralAction.swift */; };
		101B1B1721EF19BE001ECF51 /* Result.swift in Sources */ = {isa = PBXBuildFile; fileRef = 101B1B0921EF19BE001ECF51 /* Result.swift */; };
		101B1B1821EF19BE001ECF51 /* Delegated.swift in Sources */ = {isa = PBXBuildFile; fileRef = 101B1B0A21EF19BE001ECF51 /* Delegated.swift */; };
		101B1B1921EF19BE001ECF51 /* PeripheralDelegator.swift in Sources */ = {isa = PBXBuildFile; fileRef = 101B1B0B21EF19BE001ECF51 /* PeripheralDelegator.swift */; };
		101B1B1A21EF19BE001ECF51 /* PeripheralSimulator.swift in Sources */ = {isa = PBXBuildFile; fileRef = 101B1B0D21EF19BE001ECF51 /* PeripheralSimulator.swift */; };
		101B1B1B21EF19BE001ECF51 /* PeripheralCompatible.swift in Sources */ = {isa = PBXBuildFile; fileRef = 101B1B0E21EF19BE001ECF51 /* PeripheralCompatible.swift */; };
		101B1B1C21EF19BE001ECF51 /* ServiceCompatible.swift in Sources */ = {isa = PBXBuildFile; fileRef = 101B1B0F21EF19BE001ECF51 /* ServiceCompatible.swift */; };
		101B1B1D21EF19BE001ECF51 /* CharacteristicCompatible.swift in Sources */ = {isa = PBXBuildFile; fileRef = 101B1B1021EF19BE001ECF51 /* CharacteristicCompatible.swift */; };
		101B1B1E21EF19BE001ECF51 /* BLEKit.swift in Sources */ = {isa = PBXBuildFile; fileRef = 101B1B1121EF19BE001ECF51 /* BLEKit.swift */; };
		101B1B2121EF1BE8001ECF51 /* MockService.swift in Sources */ = {isa = PBXBuildFile; fileRef = 101B1B2021EF1BE8001ECF51 /* MockService.swift */; };
		101B1B2321EF1C1E001ECF51 /* MockCharacteristic.swift in Sources */ = {isa = PBXBuildFile; fileRef = 101B1B2221EF1C1E001ECF51 /* MockCharacteristic.swift */; };
		101B1B2621EF1D4D001ECF51 /* BLEKit+TypeAlias.swift in Sources */ = {isa = PBXBuildFile; fileRef = 101B1B2521EF1D4D001ECF51 /* BLEKit+TypeAlias.swift */; };
		101B1B2921EF200A001ECF51 /* BLEKit+Extensions.swift in Sources */ = {isa = PBXBuildFile; fileRef = 101B1B2821EF200A001ECF51 /* BLEKit+Extensions.swift */; };
		101B1B2C21EF23AB001ECF51 /* GeneralSimulator.swift in Sources */ = {isa = PBXBuildFile; fileRef = 101B1B2B21EF23AB001ECF51 /* GeneralSimulator.swift */; };
		101B1B2F21EF27F2001ECF51 /* Extension.swift in Sources */ = {isa = PBXBuildFile; fileRef = 101B1B2E21EF27F2001ECF51 /* Extension.swift */; };
		101B1B3121EF2827001ECF51 /* GeneralTests.swift in Sources */ = {isa = PBXBuildFile; fileRef = 101B1B3021EF2827001ECF51 /* GeneralTests.swift */; };
/* End PBXBuildFile section */

/* Begin PBXContainerItemProxy section */
		101B1AF521EF1966001ECF51 /* PBXContainerItemProxy */ = {
			isa = PBXContainerItemProxy;
			containerPortal = 101B1AE121EF1966001ECF51 /* Project object */;
			proxyType = 1;
			remoteGlobalIDString = 101B1AE921EF1966001ECF51;
			remoteInfo = BLEKit;
		};
/* End PBXContainerItemProxy section */

/* Begin PBXFileReference section */
		101B1AEA21EF1966001ECF51 /* BLEKit.framework */ = {isa = PBXFileReference; explicitFileType = wrapper.framework; includeInIndex = 0; path = BLEKit.framework; sourceTree = BUILT_PRODUCTS_DIR; };
		101B1AED21EF1966001ECF51 /* BLEKit.h */ = {isa = PBXFileReference; lastKnownFileType = sourcecode.c.h; path = BLEKit.h; sourceTree = "<group>"; };
		101B1AEE21EF1966001ECF51 /* Info.plist */ = {isa = PBXFileReference; lastKnownFileType = text.plist.xml; path = Info.plist; sourceTree = "<group>"; };
		101B1AF321EF1966001ECF51 /* BLEKitTests.xctest */ = {isa = PBXFileReference; explicitFileType = wrapper.cfbundle; includeInIndex = 0; path = BLEKitTests.xctest; sourceTree = BUILT_PRODUCTS_DIR; };
		101B1AFA21EF1966001ECF51 /* Info.plist */ = {isa = PBXFileReference; lastKnownFileType = text.plist.xml; path = Info.plist; sourceTree = "<group>"; };
		101B1B0421EF19BE001ECF51 /* CentralManagerDelegator.swift */ = {isa = PBXFileReference; fileEncoding = 4; lastKnownFileType = sourcecode.swift; path = CentralManagerDelegator.swift; sourceTree = "<group>"; };
		101B1B0521EF19BE001ECF51 /* BLEKit+CBCentralManager.swift */ = {isa = PBXFileReference; fileEncoding = 4; lastKnownFileType = sourcecode.swift; path = "BLEKit+CBCentralManager.swift"; sourceTree = "<group>"; };
		101B1B0621EF19BE001ECF51 /* CancellableDelayedTask.swift */ = {isa = PBXFileReference; fileEncoding = 4; lastKnownFileType = sourcecode.swift; path = CancellableDelayedTask.swift; sourceTree = "<group>"; };
		101B1B0721EF19BE001ECF51 /* BLEKit+PeripheralBox.swift */ = {isa = PBXFileReference; fileEncoding = 4; lastKnownFileType = sourcecode.swift; path = "BLEKit+PeripheralBox.swift"; sourceTree = "<group>"; };
		101B1B0821EF19BE001ECF51 /* BLEKit+PeripheralAction.swift */ = {isa = PBXFileReference; fileEncoding = 4; lastKnownFileType = sourcecode.swift; path = "BLEKit+PeripheralAction.swift"; sourceTree = "<group>"; };
		101B1B0921EF19BE001ECF51 /* Result.swift */ = {isa = PBXFileReference; fileEncoding = 4; lastKnownFileType = sourcecode.swift; path = Result.swift; sourceTree = "<group>"; };
		101B1B0A21EF19BE001ECF51 /* Delegated.swift */ = {isa = PBXFileReference; fileEncoding = 4; lastKnownFileType = sourcecode.swift; path = Delegated.swift; sourceTree = "<group>"; };
		101B1B0B21EF19BE001ECF51 /* PeripheralDelegator.swift */ = {isa = PBXFileReference; fileEncoding = 4; lastKnownFileType = sourcecode.swift; path = PeripheralDelegator.swift; sourceTree = "<group>"; };
		101B1B0D21EF19BE001ECF51 /* PeripheralSimulator.swift */ = {isa = PBXFileReference; fileEncoding = 4; lastKnownFileType = sourcecode.swift; path = PeripheralSimulator.swift; sourceTree = "<group>"; };
		101B1B0E21EF19BE001ECF51 /* PeripheralCompatible.swift */ = {isa = PBXFileReference; fileEncoding = 4; lastKnownFileType = sourcecode.swift; path = PeripheralCompatible.swift; sourceTree = "<group>"; };
		101B1B0F21EF19BE001ECF51 /* ServiceCompatible.swift */ = {isa = PBXFileReference; fileEncoding = 4; lastKnownFileType = sourcecode.swift; path = ServiceCompatible.swift; sourceTree = "<group>"; };
		101B1B1021EF19BE001ECF51 /* CharacteristicCompatible.swift */ = {isa = PBXFileReference; fileEncoding = 4; lastKnownFileType = sourcecode.swift; path = CharacteristicCompatible.swift; sourceTree = "<group>"; };
		101B1B1121EF19BE001ECF51 /* BLEKit.swift */ = {isa = PBXFileReference; fileEncoding = 4; lastKnownFileType = sourcecode.swift; path = BLEKit.swift; sourceTree = "<group>"; };
		101B1B2021EF1BE8001ECF51 /* MockService.swift */ = {isa = PBXFileReference; lastKnownFileType = sourcecode.swift; path = MockService.swift; sourceTree = "<group>"; };
		101B1B2221EF1C1E001ECF51 /* MockCharacteristic.swift */ = {isa = PBXFileReference; lastKnownFileType = sourcecode.swift; path = MockCharacteristic.swift; sourceTree = "<group>"; };
		101B1B2521EF1D4D001ECF51 /* BLEKit+TypeAlias.swift */ = {isa = PBXFileReference; lastKnownFileType = sourcecode.swift; path = "BLEKit+TypeAlias.swift"; sourceTree = "<group>"; };
		101B1B2821EF200A001ECF51 /* BLEKit+Extensions.swift */ = {isa = PBXFileReference; lastKnownFileType = sourcecode.swift; path = "BLEKit+Extensions.swift"; sourceTree = "<group>"; };
		101B1B2B21EF23AB001ECF51 /* GeneralSimulator.swift */ = {isa = PBXFileReference; lastKnownFileType = sourcecode.swift; path = GeneralSimulator.swift; sourceTree = "<group>"; };
		101B1B2E21EF27F2001ECF51 /* Extension.swift */ = {isa = PBXFileReference; lastKnownFileType = sourcecode.swift; path = Extension.swift; sourceTree = "<group>"; };
		101B1B3021EF2827001ECF51 /* GeneralTests.swift */ = {isa = PBXFileReference; lastKnownFileType = sourcecode.swift; path = GeneralTests.swift; sourceTree = "<group>"; };
/* End PBXFileReference section */

/* Begin PBXFrameworksBuildPhase section */
		101B1AE721EF1966001ECF51 /* Frameworks */ = {
			isa = PBXFrameworksBuildPhase;
			buildActionMask = 2147483647;
			files = (
			);
			runOnlyForDeploymentPostprocessing = 0;
		};
		101B1AF021EF1966001ECF51 /* Frameworks */ = {
			isa = PBXFrameworksBuildPhase;
			buildActionMask = 2147483647;
			files = (
				101B1AF421EF1966001ECF51 /* BLEKit.framework in Frameworks */,
			);
			runOnlyForDeploymentPostprocessing = 0;
		};
/* End PBXFrameworksBuildPhase section */

/* Begin PBXGroup section */
		101B1AE021EF1966001ECF51 = {
			isa = PBXGroup;
			children = (
				101B1AEC21EF1966001ECF51 /* BLEKit */,
				101B1AF721EF1966001ECF51 /* BLEKitTests */,
				101B1AEB21EF1966001ECF51 /* Products */,
			);
			sourceTree = "<group>";
		};
		101B1AEB21EF1966001ECF51 /* Products */ = {
			isa = PBXGroup;
			children = (
				101B1AEA21EF1966001ECF51 /* BLEKit.framework */,
				101B1AF321EF1966001ECF51 /* BLEKitTests.xctest */,
			);
			name = Products;
			sourceTree = "<group>";
		};
		101B1AEC21EF1966001ECF51 /* BLEKit */ = {
			isa = PBXGroup;
			children = (
				101B1AED21EF1966001ECF51 /* BLEKit.h */,
				101B1B1121EF19BE001ECF51 /* BLEKit.swift */,
				101B1B0821EF19BE001ECF51 /* BLEKit+PeripheralAction.swift */,
				101B1B0721EF19BE001ECF51 /* BLEKit+PeripheralBox.swift */,
				101B1B2521EF1D4D001ECF51 /* BLEKit+TypeAlias.swift */,
				101B1B2721EF1FF5001ECF51 /* Extensions */,
				101B1B1F21EF1A0D001ECF51 /* Vendors */,
				101B1B0C21EF19BE001ECF51 /* PeripheralSimulator */,
				101B1AEE21EF1966001ECF51 /* Info.plist */,
			);
			path = BLEKit;
			sourceTree = "<group>";
		};
		101B1AF721EF1966001ECF51 /* BLEKitTests */ = {
			isa = PBXGroup;
			children = (
				101B1B3021EF2827001ECF51 /* GeneralTests.swift */,
				101B1B2E21EF27F2001ECF51 /* Extension.swift */,
				101B1B2A21EF2334001ECF51 /* Simulators */,
				101B1AFA21EF1966001ECF51 /* Info.plist */,
			);
			path = BLEKitTests;
			sourceTree = "<group>";
		};
		101B1B0C21EF19BE001ECF51 /* PeripheralSimulator */ = {
			isa = PBXGroup;
			children = (
				101B1B0D21EF19BE001ECF51 /* PeripheralSimulator.swift */,
				101B1B2221EF1C1E001ECF51 /* MockCharacteristic.swift */,
				101B1B2021EF1BE8001ECF51 /* MockService.swift */,
				101B1B2421EF1C7A001ECF51 /* Prtocols */,
			);
			path = PeripheralSimulator;
			sourceTree = "<group>";
		};
		101B1B1F21EF1A0D001ECF51 /* Vendors */ = {
			isa = PBXGroup;
			children = (
				101B1B0A21EF19BE001ECF51 /* Delegated.swift */,
				101B1B0621EF19BE001ECF51 /* CancellableDelayedTask.swift */,
				101B1B0921EF19BE001ECF51 /* Result.swift */,
				101B1B0421EF19BE001ECF51 /* CentralManagerDelegator.swift */,
				101B1B0B21EF19BE001ECF51 /* PeripheralDelegator.swift */,
			);
			path = Vendors;
			sourceTree = "<group>";
		};
		101B1B2421EF1C7A001ECF51 /* Prtocols */ = {
			isa = PBXGroup;
			children = (
				101B1B0E21EF19BE001ECF51 /* PeripheralCompatible.swift */,
				101B1B0F21EF19BE001ECF51 /* ServiceCompatible.swift */,
				101B1B1021EF19BE001ECF51 /* CharacteristicCompatible.swift */,
			);
			path = Prtocols;
			sourceTree = "<group>";
		};
		101B1B2721EF1FF5001ECF51 /* Extensions */ = {
			isa = PBXGroup;
			children = (
				101B1B2821EF200A001ECF51 /* BLEKit+Extensions.swift */,
				101B1B0521EF19BE001ECF51 /* BLEKit+CBCentralManager.swift */,
			);
			path = Extensions;
			sourceTree = "<group>";
		};
		101B1B2A21EF2334001ECF51 /* Simulators */ = {
			isa = PBXGroup;
			children = (
				101B1B2B21EF23AB001ECF51 /* GeneralSimulator.swift */,
			);
			path = Simulators;
			sourceTree = "<group>";
		};
/* End PBXGroup section */

/* Begin PBXHeadersBuildPhase section */
		101B1AE521EF1966001ECF51 /* Headers */ = {
			isa = PBXHeadersBuildPhase;
			buildActionMask = 2147483647;
			files = (
				101B1AFB21EF1966001ECF51 /* BLEKit.h in Headers */,
			);
			runOnlyForDeploymentPostprocessing = 0;
		};
/* End PBXHeadersBuildPhase section */

/* Begin PBXNativeTarget section */
		101B1AE921EF1966001ECF51 /* BLEKit */ = {
			isa = PBXNativeTarget;
			buildConfigurationList = 101B1AFE21EF1966001ECF51 /* Build configuration list for PBXNativeTarget "BLEKit" */;
			buildPhases = (
				101B1AE521EF1966001ECF51 /* Headers */,
				101B1AE621EF1966001ECF51 /* Sources */,
				101B1AE721EF1966001ECF51 /* Frameworks */,
				101B1AE821EF1966001ECF51 /* Resources */,
			);
			buildRules = (
			);
			dependencies = (
			);
			name = BLEKit;
			productName = BLEKit;
			productReference = 101B1AEA21EF1966001ECF51 /* BLEKit.framework */;
			productType = "com.apple.product-type.framework";
		};
		101B1AF221EF1966001ECF51 /* BLEKitTests */ = {
			isa = PBXNativeTarget;
			buildConfigurationList = 101B1B0121EF1966001ECF51 /* Build configuration list for PBXNativeTarget "BLEKitTests" */;
			buildPhases = (
				101B1AEF21EF1966001ECF51 /* Sources */,
				101B1AF021EF1966001ECF51 /* Frameworks */,
				101B1AF121EF1966001ECF51 /* Resources */,
			);
			buildRules = (
			);
			dependencies = (
				101B1AF621EF1966001ECF51 /* PBXTargetDependency */,
			);
			name = BLEKitTests;
			productName = BLEKitTests;
			productReference = 101B1AF321EF1966001ECF51 /* BLEKitTests.xctest */;
			productType = "com.apple.product-type.bundle.unit-test";
		};
/* End PBXNativeTarget section */

/* Begin PBXProject section */
		101B1AE121EF1966001ECF51 /* Project object */ = {
			isa = PBXProject;
			attributes = {
				LastSwiftUpdateCheck = 1010;
				LastUpgradeCheck = 1010;
				ORGANIZATIONNAME = SelfStudio;
				TargetAttributes = {
					101B1AE921EF1966001ECF51 = {
						CreatedOnToolsVersion = 10.1;
						LastSwiftMigration = 1010;
					};
					101B1AF221EF1966001ECF51 = {
						CreatedOnToolsVersion = 10.1;
					};
				};
			};
			buildConfigurationList = 101B1AE421EF1966001ECF51 /* Build configuration list for PBXProject "BLEKit" */;
			compatibilityVersion = "Xcode 9.3";
			developmentRegion = en;
			hasScannedForEncodings = 0;
			knownRegions = (
				en,
			);
			mainGroup = 101B1AE021EF1966001ECF51;
			productRefGroup = 101B1AEB21EF1966001ECF51 /* Products */;
			projectDirPath = "";
			projectRoot = "";
			targets = (
				101B1AE921EF1966001ECF51 /* BLEKit */,
				101B1AF221EF1966001ECF51 /* BLEKitTests */,
			);
		};
/* End PBXProject section */

/* Begin PBXResourcesBuildPhase section */
		101B1AE821EF1966001ECF51 /* Resources */ = {
			isa = PBXResourcesBuildPhase;
			buildActionMask = 2147483647;
			files = (
			);
			runOnlyForDeploymentPostprocessing = 0;
		};
		101B1AF121EF1966001ECF51 /* Resources */ = {
			isa = PBXResourcesBuildPhase;
			buildActionMask = 2147483647;
			files = (
			);
			runOnlyForDeploymentPostprocessing = 0;
		};
/* End PBXResourcesBuildPhase section */

/* Begin PBXSourcesBuildPhase section */
		101B1AE621EF1966001ECF51 /* Sources */ = {
			isa = PBXSourcesBuildPhase;
			buildActionMask = 2147483647;
			files = (
				101B1B1B21EF19BE001ECF51 /* PeripheralCompatible.swift in Sources */,
				101B1B1C21EF19BE001ECF51 /* ServiceCompatible.swift in Sources */,
				101B1B1D21EF19BE001ECF51 /* CharacteristicCompatible.swift in Sources */,
				101B1B1321EF19BE001ECF51 /* BLEKit+CBCentralManager.swift in Sources */,
				101B1B1221EF19BE001ECF51 /* CentralManagerDelegator.swift in Sources */,
				101B1B1521EF19BE001ECF51 /* BLEKit+PeripheralBox.swift in Sources */,
				101B1B1A21EF19BE001ECF51 /* PeripheralSimulator.swift in Sources */,
				101B1B1E21EF19BE001ECF51 /* BLEKit.swift in Sources */,
				101B1B1921EF19BE001ECF51 /* PeripheralDelegator.swift in Sources */,
				101B1B1821EF19BE001ECF51 /* Delegated.swift in Sources */,
				101B1B1721EF19BE001ECF51 /* Result.swift in Sources */,
				101B1B1621EF19BE001ECF51 /* BLEKit+PeripheralAction.swift in Sources */,
				101B1B2921EF200A001ECF51 /* BLEKit+Extensions.swift in Sources */,
				101B1B1421EF19BE001ECF51 /* CancellableDelayedTask.swift in Sources */,
				101B1B2321EF1C1E001ECF51 /* MockCharacteristic.swift in Sources */,
				101B1B2121EF1BE8001ECF51 /* MockService.swift in Sources */,
				101B1B2621EF1D4D001ECF51 /* BLEKit+TypeAlias.swift in Sources */,
			);
			runOnlyForDeploymentPostprocessing = 0;
		};
		101B1AEF21EF1966001ECF51 /* Sources */ = {
			isa = PBXSourcesBuildPhase;
			buildActionMask = 2147483647;
			files = (
				101B1B2F21EF27F2001ECF51 /* Extension.swift in Sources */,
				101B1B3121EF2827001ECF51 /* GeneralTests.swift in Sources */,
				101B1B2C21EF23AB001ECF51 /* GeneralSimulator.swift in Sources */,
			);
			runOnlyForDeploymentPostprocessing = 0;
		};
/* End PBXSourcesBuildPhase section */

/* Begin PBXTargetDependency section */
		101B1AF621EF1966001ECF51 /* PBXTargetDependency */ = {
			isa = PBXTargetDependency;
			target = 101B1AE921EF1966001ECF51 /* BLEKit */;
			targetProxy = 101B1AF521EF1966001ECF51 /* PBXContainerItemProxy */;
		};
/* End PBXTargetDependency section */

/* Begin XCBuildConfiguration section */
		101B1AFC21EF1966001ECF51 /* Debug */ = {
			isa = XCBuildConfiguration;
			buildSettings = {
				ALWAYS_SEARCH_USER_PATHS = NO;
				CLANG_ANALYZER_NONNULL = YES;
				CLANG_ANALYZER_NUMBER_OBJECT_CONVERSION = YES_AGGRESSIVE;
				CLANG_CXX_LANGUAGE_STANDARD = "gnu++14";
				CLANG_CXX_LIBRARY = "libc++";
				CLANG_ENABLE_MODULES = YES;
				CLANG_ENABLE_OBJC_ARC = YES;
				CLANG_ENABLE_OBJC_WEAK = YES;
				CLANG_WARN_BLOCK_CAPTURE_AUTORELEASING = YES;
				CLANG_WARN_BOOL_CONVERSION = YES;
				CLANG_WARN_COMMA = YES;
				CLANG_WARN_CONSTANT_CONVERSION = YES;
				CLANG_WARN_DEPRECATED_OBJC_IMPLEMENTATIONS = YES;
				CLANG_WARN_DIRECT_OBJC_ISA_USAGE = YES_ERROR;
				CLANG_WARN_DOCUMENTATION_COMMENTS = YES;
				CLANG_WARN_EMPTY_BODY = YES;
				CLANG_WARN_ENUM_CONVERSION = YES;
				CLANG_WARN_INFINITE_RECURSION = YES;
				CLANG_WARN_INT_CONVERSION = YES;
				CLANG_WARN_NON_LITERAL_NULL_CONVERSION = YES;
				CLANG_WARN_OBJC_IMPLICIT_RETAIN_SELF = YES;
				CLANG_WARN_OBJC_LITERAL_CONVERSION = YES;
				CLANG_WARN_OBJC_ROOT_CLASS = YES_ERROR;
				CLANG_WARN_RANGE_LOOP_ANALYSIS = YES;
				CLANG_WARN_STRICT_PROTOTYPES = YES;
				CLANG_WARN_SUSPICIOUS_MOVE = YES;
				CLANG_WARN_UNGUARDED_AVAILABILITY = YES_AGGRESSIVE;
				CLANG_WARN_UNREACHABLE_CODE = YES;
				CLANG_WARN__DUPLICATE_METHOD_MATCH = YES;
				CODE_SIGN_IDENTITY = "iPhone Developer";
				COPY_PHASE_STRIP = NO;
				CURRENT_PROJECT_VERSION = 1;
				DEBUG_INFORMATION_FORMAT = dwarf;
				ENABLE_STRICT_OBJC_MSGSEND = YES;
				ENABLE_TESTABILITY = YES;
				GCC_C_LANGUAGE_STANDARD = gnu11;
				GCC_DYNAMIC_NO_PIC = NO;
				GCC_NO_COMMON_BLOCKS = YES;
				GCC_OPTIMIZATION_LEVEL = 0;
				GCC_PREPROCESSOR_DEFINITIONS = (
					"DEBUG=1",
					"$(inherited)",
				);
				GCC_WARN_64_TO_32_BIT_CONVERSION = YES;
				GCC_WARN_ABOUT_RETURN_TYPE = YES_ERROR;
				GCC_WARN_UNDECLARED_SELECTOR = YES;
				GCC_WARN_UNINITIALIZED_AUTOS = YES_AGGRESSIVE;
				GCC_WARN_UNUSED_FUNCTION = YES;
				GCC_WARN_UNUSED_VARIABLE = YES;
				IPHONEOS_DEPLOYMENT_TARGET = 12.1;
				MTL_ENABLE_DEBUG_INFO = INCLUDE_SOURCE;
				MTL_FAST_MATH = YES;
				ONLY_ACTIVE_ARCH = YES;
				SDKROOT = iphoneos;
				SWIFT_ACTIVE_COMPILATION_CONDITIONS = DEBUG;
				SWIFT_OPTIMIZATION_LEVEL = "-Onone";
				VERSIONING_SYSTEM = "apple-generic";
				VERSION_INFO_PREFIX = "";
			};
			name = Debug;
		};
		101B1AFD21EF1966001ECF51 /* Release */ = {
			isa = XCBuildConfiguration;
			buildSettings = {
				ALWAYS_SEARCH_USER_PATHS = NO;
				CLANG_ANALYZER_NONNULL = YES;
				CLANG_ANALYZER_NUMBER_OBJECT_CONVERSION = YES_AGGRESSIVE;
				CLANG_CXX_LANGUAGE_STANDARD = "gnu++14";
				CLANG_CXX_LIBRARY = "libc++";
				CLANG_ENABLE_MODULES = YES;
				CLANG_ENABLE_OBJC_ARC = YES;
				CLANG_ENABLE_OBJC_WEAK = YES;
				CLANG_WARN_BLOCK_CAPTURE_AUTORELEASING = YES;
				CLANG_WARN_BOOL_CONVERSION = YES;
				CLANG_WARN_COMMA = YES;
				CLANG_WARN_CONSTANT_CONVERSION = YES;
				CLANG_WARN_DEPRECATED_OBJC_IMPLEMENTATIONS = YES;
				CLANG_WARN_DIRECT_OBJC_ISA_USAGE = YES_ERROR;
				CLANG_WARN_DOCUMENTATION_COMMENTS = YES;
				CLANG_WARN_EMPTY_BODY = YES;
				CLANG_WARN_ENUM_CONVERSION = YES;
				CLANG_WARN_INFINITE_RECURSION = YES;
				CLANG_WARN_INT_CONVERSION = YES;
				CLANG_WARN_NON_LITERAL_NULL_CONVERSION = YES;
				CLANG_WARN_OBJC_IMPLICIT_RETAIN_SELF = YES;
				CLANG_WARN_OBJC_LITERAL_CONVERSION = YES;
				CLANG_WARN_OBJC_ROOT_CLASS = YES_ERROR;
				CLANG_WARN_RANGE_LOOP_ANALYSIS = YES;
				CLANG_WARN_STRICT_PROTOTYPES = YES;
				CLANG_WARN_SUSPICIOUS_MOVE = YES;
				CLANG_WARN_UNGUARDED_AVAILABILITY = YES_AGGRESSIVE;
				CLANG_WARN_UNREACHABLE_CODE = YES;
				CLANG_WARN__DUPLICATE_METHOD_MATCH = YES;
				CODE_SIGN_IDENTITY = "iPhone Developer";
				COPY_PHASE_STRIP = NO;
				CURRENT_PROJECT_VERSION = 1;
				DEBUG_INFORMATION_FORMAT = "dwarf-with-dsym";
				ENABLE_NS_ASSERTIONS = NO;
				ENABLE_STRICT_OBJC_MSGSEND = YES;
				GCC_C_LANGUAGE_STANDARD = gnu11;
				GCC_NO_COMMON_BLOCKS = YES;
				GCC_WARN_64_TO_32_BIT_CONVERSION = YES;
				GCC_WARN_ABOUT_RETURN_TYPE = YES_ERROR;
				GCC_WARN_UNDECLARED_SELECTOR = YES;
				GCC_WARN_UNINITIALIZED_AUTOS = YES_AGGRESSIVE;
				GCC_WARN_UNUSED_FUNCTION = YES;
				GCC_WARN_UNUSED_VARIABLE = YES;
				IPHONEOS_DEPLOYMENT_TARGET = 12.1;
				MTL_ENABLE_DEBUG_INFO = NO;
				MTL_FAST_MATH = YES;
				SDKROOT = iphoneos;
				SWIFT_COMPILATION_MODE = wholemodule;
				SWIFT_OPTIMIZATION_LEVEL = "-O";
				VALIDATE_PRODUCT = YES;
				VERSIONING_SYSTEM = "apple-generic";
				VERSION_INFO_PREFIX = "";
			};
			name = Release;
		};
		101B1AFF21EF1966001ECF51 /* Debug */ = {
			isa = XCBuildConfiguration;
			buildSettings = {
				CLANG_ENABLE_MODULES = YES;
				CODE_SIGN_IDENTITY = "";
				CODE_SIGN_STYLE = Automatic;
				DEFINES_MODULE = YES;
				DYLIB_COMPATIBILITY_VERSION = 1;
				DYLIB_CURRENT_VERSION = 1;
				DYLIB_INSTALL_NAME_BASE = "@rpath";
				INFOPLIST_FILE = BLEKit/Info.plist;
				INSTALL_PATH = "$(LOCAL_LIBRARY_DIR)/Frameworks";
				IPHONEOS_DEPLOYMENT_TARGET = 9.0;
				LD_RUNPATH_SEARCH_PATHS = (
					"$(inherited)",
					"@executable_path/Frameworks",
					"@loader_path/Frameworks",
				);
				PRODUCT_BUNDLE_IDENTIFIER = app.selfstudio.BLEKit;
				PRODUCT_NAME = "$(TARGET_NAME:c99extidentifier)";
				SKIP_INSTALL = YES;
				SWIFT_OPTIMIZATION_LEVEL = "-Onone";
				SWIFT_VERSION = 4.2;
				TARGETED_DEVICE_FAMILY = "1,2";
			};
			name = Debug;
		};
		101B1B0021EF1966001ECF51 /* Release */ = {
			isa = XCBuildConfiguration;
			buildSettings = {
				CLANG_ENABLE_MODULES = YES;
				CODE_SIGN_IDENTITY = "";
				CODE_SIGN_STYLE = Automatic;
				DEFINES_MODULE = YES;
				DYLIB_COMPATIBILITY_VERSION = 1;
				DYLIB_CURRENT_VERSION = 1;
				DYLIB_INSTALL_NAME_BASE = "@rpath";
				INFOPLIST_FILE = BLEKit/Info.plist;
				INSTALL_PATH = "$(LOCAL_LIBRARY_DIR)/Frameworks";
				IPHONEOS_DEPLOYMENT_TARGET = 9.0;
				LD_RUNPATH_SEARCH_PATHS = (
					"$(inherited)",
					"@executable_path/Frameworks",
					"@loader_path/Frameworks",
				);
				PRODUCT_BUNDLE_IDENTIFIER = app.selfstudio.BLEKit;
				PRODUCT_NAME = "$(TARGET_NAME:c99extidentifier)";
				SKIP_INSTALL = YES;
				SWIFT_VERSION = 4.2;
				TARGETED_DEVICE_FAMILY = "1,2";
			};
			name = Release;
		};
		101B1B0221EF1966001ECF51 /* Debug */ = {
			isa = XCBuildConfiguration;
			buildSettings = {
				ALWAYS_EMBED_SWIFT_STANDARD_LIBRARIES = YES;
				CODE_SIGN_STYLE = Automatic;
				INFOPLIST_FILE = BLEKitTests/Info.plist;
				LD_RUNPATH_SEARCH_PATHS = (
					"$(inherited)",
					"@executable_path/Frameworks",
					"@loader_path/Frameworks",
				);
				PRODUCT_BUNDLE_IDENTIFIER = app.selfstudio.BLEKitTests;
				PRODUCT_NAME = "$(TARGET_NAME)";
				SWIFT_VERSION = 4.2;
				TARGETED_DEVICE_FAMILY = "1,2";
			};
			name = Debug;
		};
		101B1B0321EF1966001ECF51 /* Release */ = {
			isa = XCBuildConfiguration;
			buildSettings = {
				ALWAYS_EMBED_SWIFT_STANDARD_LIBRARIES = YES;
				CODE_SIGN_STYLE = Automatic;
				INFOPLIST_FILE = BLEKitTests/Info.plist;
				LD_RUNPATH_SEARCH_PATHS = (
					"$(inherited)",
					"@executable_path/Frameworks",
					"@loader_path/Frameworks",
				);
				PRODUCT_BUNDLE_IDENTIFIER = app.selfstudio.BLEKitTests;
				PRODUCT_NAME = "$(TARGET_NAME)";
				SWIFT_VERSION = 4.2;
				TARGETED_DEVICE_FAMILY = "1,2";
			};
			name = Release;
		};
/* End XCBuildConfiguration section */

/* Begin XCConfigurationList section */
		101B1AE421EF1966001ECF51 /* Build configuration list for PBXProject "BLEKit" */ = {
			isa = XCConfigurationList;
			buildConfigurations = (
				101B1AFC21EF1966001ECF51 /* Debug */,
				101B1AFD21EF1966001ECF51 /* Release */,
			);
			defaultConfigurationIsVisible = 0;
			defaultConfigurationName = Release;
		};
		101B1AFE21EF1966001ECF51 /* Build configuration list for PBXNativeTarget "BLEKit" */ = {
			isa = XCConfigurationList;
			buildConfigurations = (
				101B1AFF21EF1966001ECF51 /* Debug */,
				101B1B0021EF1966001ECF51 /* Release */,
			);
			defaultConfigurationIsVisible = 0;
			defaultConfigurationName = Release;
		};
		101B1B0121EF1966001ECF51 /* Build configuration list for PBXNativeTarget "BLEKitTests" */ = {
			isa = XCConfigurationList;
			buildConfigurations = (
				101B1B0221EF1966001ECF51 /* Debug */,
				101B1B0321EF1966001ECF51 /* Release */,
			);
			defaultConfigurationIsVisible = 0;
			defaultConfigurationName = Release;
		};
/* End XCConfigurationList section */
	};
	rootObject = 101B1AE121EF1966001ECF51 /* Project object */;
}
